// !$*UTF8*$!
{
	archiveVersion = 1;
	classes = {
	};
	objectVersion = 56;
	objects = {

/* Begin PBXBuildFile section */
		4A2A231B297276570063740B /* alarming_iosApp.swift in Sources */ = {isa = PBXBuildFile; fileRef = 4A2A231A297276570063740B /* alarming_iosApp.swift */; };
		4A2A231D297276570063740B /* ContentView.swift in Sources */ = {isa = PBXBuildFile; fileRef = 4A2A231C297276570063740B /* ContentView.swift */; };
		4A2A231F297276580063740B /* Assets.xcassets in Resources */ = {isa = PBXBuildFile; fileRef = 4A2A231E297276580063740B /* Assets.xcassets */; };
		4A2A2322297276580063740B /* Preview Assets.xcassets in Resources */ = {isa = PBXBuildFile; fileRef = 4A2A2321297276580063740B /* Preview Assets.xcassets */; };
		4A2A232C297276580063740B /* alarming_iosTests.swift in Sources */ = {isa = PBXBuildFile; fileRef = 4A2A232B297276580063740B /* alarming_iosTests.swift */; };
		4A2A2336297276580063740B /* alarming_iosUITests.swift in Sources */ = {isa = PBXBuildFile; fileRef = 4A2A2335297276580063740B /* alarming_iosUITests.swift */; };
		4A2A2338297276580063740B /* alarming_iosUITestsLaunchTests.swift in Sources */ = {isa = PBXBuildFile; fileRef = 4A2A2337297276580063740B /* alarming_iosUITestsLaunchTests.swift */; };
/* End PBXBuildFile section */

/* Begin PBXContainerItemProxy section */
		4A2A2328297276580063740B /* PBXContainerItemProxy */ = {
			isa = PBXContainerItemProxy;
			containerPortal = 4A2A230F297276570063740B /* Project object */;
			proxyType = 1;
			remoteGlobalIDString = 4A2A2316297276570063740B;
			remoteInfo = alarming_ios;
		};
		4A2A2332297276580063740B /* PBXContainerItemProxy */ = {
			isa = PBXContainerItemProxy;
			containerPortal = 4A2A230F297276570063740B /* Project object */;
			proxyType = 1;
			remoteGlobalIDString = 4A2A2316297276570063740B;
			remoteInfo = alarming_ios;
		};
/* End PBXContainerItemProxy section */

/* Begin PBXFileReference section */
		4A2A2317297276570063740B /* alarming_ios.app */ = {isa = PBXFileReference; explicitFileType = wrapper.application; includeInIndex = 0; path = alarming_ios.app; sourceTree = BUILT_PRODUCTS_DIR; };
		4A2A231A297276570063740B /* alarming_iosApp.swift */ = {isa = PBXFileReference; lastKnownFileType = sourcecode.swift; path = alarming_iosApp.swift; sourceTree = "<group>"; };
		4A2A231C297276570063740B /* ContentView.swift */ = {isa = PBXFileReference; lastKnownFileType = sourcecode.swift; path = ContentView.swift; sourceTree = "<group>"; };
		4A2A231E297276580063740B /* Assets.xcassets */ = {isa = PBXFileReference; lastKnownFileType = folder.assetcatalog; path = Assets.xcassets; sourceTree = "<group>"; };
		4A2A2321297276580063740B /* Preview Assets.xcassets */ = {isa = PBXFileReference; lastKnownFileType = folder.assetcatalog; path = "Preview Assets.xcassets"; sourceTree = "<group>"; };
		4A2A2327297276580063740B /* alarming_iosTests.xctest */ = {isa = PBXFileReference; explicitFileType = wrapper.cfbundle; includeInIndex = 0; path = alarming_iosTests.xctest; sourceTree = BUILT_PRODUCTS_DIR; };
		4A2A232B297276580063740B /* alarming_iosTests.swift */ = {isa = PBXFileReference; lastKnownFileType = sourcecode.swift; path = alarming_iosTests.swift; sourceTree = "<group>"; };
		4A2A2331297276580063740B /* alarming_iosUITests.xctest */ = {isa = PBXFileReference; explicitFileType = wrapper.cfbundle; includeInIndex = 0; path = alarming_iosUITests.xctest; sourceTree = BUILT_PRODUCTS_DIR; };
		4A2A2335297276580063740B /* alarming_iosUITests.swift */ = {isa = PBXFileReference; lastKnownFileType = sourcecode.swift; path = alarming_iosUITests.swift; sourceTree = "<group>"; };
		4A2A2337297276580063740B /* alarming_iosUITestsLaunchTests.swift */ = {isa = PBXFileReference; lastKnownFileType = sourcecode.swift; path = alarming_iosUITestsLaunchTests.swift; sourceTree = "<group>"; };
/* End PBXFileReference section */

/* Begin PBXFrameworksBuildPhase section */
		4A2A2314297276570063740B /* Frameworks */ = {
			isa = PBXFrameworksBuildPhase;
			buildActionMask = 2147483647;
			files = (
			);
			runOnlyForDeploymentPostprocessing = 0;
		};
		4A2A2324297276580063740B /* Frameworks */ = {
			isa = PBXFrameworksBuildPhase;
			buildActionMask = 2147483647;
			files = (
			);
			runOnlyForDeploymentPostprocessing = 0;
		};
		4A2A232E297276580063740B /* Frameworks */ = {
			isa = PBXFrameworksBuildPhase;
			buildActionMask = 2147483647;
			files = (
			);
			runOnlyForDeploymentPostprocessing = 0;
		};
/* End PBXFrameworksBuildPhase section */

/* Begin PBXGroup section */
		4A2A230E297276570063740B = {
			isa = PBXGroup;
			children = (
				4A2A2319297276570063740B /* alarming_ios */,
				4A2A232A297276580063740B /* alarming_iosTests */,
				4A2A2334297276580063740B /* alarming_iosUITests */,
				4A2A2318297276570063740B /* Products */,
			);
			sourceTree = "<group>";
		};
		4A2A2318297276570063740B /* Products */ = {
			isa = PBXGroup;
			children = (
				4A2A2317297276570063740B /* alarming_ios.app */,
				4A2A2327297276580063740B /* alarming_iosTests.xctest */,
				4A2A2331297276580063740B /* alarming_iosUITests.xctest */,
			);
			name = Products;
			sourceTree = "<group>";
		};
		4A2A2319297276570063740B /* alarming_ios */ = {
			isa = PBXGroup;
			children = (
				4A2A231A297276570063740B /* alarming_iosApp.swift */,
				4A2A231C297276570063740B /* ContentView.swift */,
				4A2A231E297276580063740B /* Assets.xcassets */,
				4A2A2320297276580063740B /* Preview Content */,
			);
			path = alarming_ios;
			sourceTree = "<group>";
		};
		4A2A2320297276580063740B /* Preview Content */ = {
			isa = PBXGroup;
			children = (
				4A2A2321297276580063740B /* Preview Assets.xcassets */,
			);
			path = "Preview Content";
			sourceTree = "<group>";
		};
		4A2A232A297276580063740B /* alarming_iosTests */ = {
			isa = PBXGroup;
			children = (
				4A2A232B297276580063740B /* alarming_iosTests.swift */,
			);
			path = alarming_iosTests;
			sourceTree = "<group>";
		};
		4A2A2334297276580063740B /* alarming_iosUITests */ = {
			isa = PBXGroup;
			children = (
				4A2A2335297276580063740B /* alarming_iosUITests.swift */,
				4A2A2337297276580063740B /* alarming_iosUITestsLaunchTests.swift */,
			);
			path = alarming_iosUITests;
			sourceTree = "<group>";
		};
/* End PBXGroup section */

/* Begin PBXNativeTarget section */
		4A2A2316297276570063740B /* alarming_ios */ = {
			isa = PBXNativeTarget;
			buildConfigurationList = 4A2A233B297276580063740B /* Build configuration list for PBXNativeTarget "alarming_ios" */;
			buildPhases = (
				4A2A2313297276570063740B /* Sources */,
				4A2A2314297276570063740B /* Frameworks */,
				4A2A2315297276570063740B /* Resources */,
			);
			buildRules = (
			);
			dependencies = (
			);
			name = alarming_ios;
			productName = alarming_ios;
			productReference = 4A2A2317297276570063740B /* alarming_ios.app */;
			productType = "com.apple.product-type.application";
		};
		4A2A2326297276580063740B /* alarming_iosTests */ = {
			isa = PBXNativeTarget;
			buildConfigurationList = 4A2A233E297276580063740B /* Build configuration list for PBXNativeTarget "alarming_iosTests" */;
			buildPhases = (
				4A2A2323297276580063740B /* Sources */,
				4A2A2324297276580063740B /* Frameworks */,
				4A2A2325297276580063740B /* Resources */,
			);
			buildRules = (
			);
			dependencies = (
				4A2A2329297276580063740B /* PBXTargetDependency */,
			);
			name = alarming_iosTests;
			productName = alarming_iosTests;
			productReference = 4A2A2327297276580063740B /* alarming_iosTests.xctest */;
			productType = "com.apple.product-type.bundle.unit-test";
		};
		4A2A2330297276580063740B /* alarming_iosUITests */ = {
			isa = PBXNativeTarget;
			buildConfigurationList = 4A2A2341297276580063740B /* Build configuration list for PBXNativeTarget "alarming_iosUITests" */;
			buildPhases = (
				4A2A232D297276580063740B /* Sources */,
				4A2A232E297276580063740B /* Frameworks */,
				4A2A232F297276580063740B /* Resources */,
			);
			buildRules = (
			);
			dependencies = (
				4A2A2333297276580063740B /* PBXTargetDependency */,
			);
			name = alarming_iosUITests;
			productName = alarming_iosUITests;
			productReference = 4A2A2331297276580063740B /* alarming_iosUITests.xctest */;
			productType = "com.apple.product-type.bundle.ui-testing";
		};
/* End PBXNativeTarget section */

/* Begin PBXProject section */
		4A2A230F297276570063740B /* Project object */ = {
			isa = PBXProject;
			attributes = {
				BuildIndependentTargetsInParallel = 1;
				LastSwiftUpdateCheck = 1420;
				LastUpgradeCheck = 1420;
				TargetAttributes = {
					4A2A2316297276570063740B = {
						CreatedOnToolsVersion = 14.2;
					};
					4A2A2326297276580063740B = {
						CreatedOnToolsVersion = 14.2;
						TestTargetID = 4A2A2316297276570063740B;
					};
					4A2A2330297276580063740B = {
						CreatedOnToolsVersion = 14.2;
						TestTargetID = 4A2A2316297276570063740B;
					};
				};
			};
			buildConfigurationList = 4A2A2312297276570063740B /* Build configuration list for PBXProject "alarming_ios" */;
			compatibilityVersion = "Xcode 14.0";
			developmentRegion = en;
			hasScannedForEncodings = 0;
			knownRegions = (
				en,
				Base,
			);
			mainGroup = 4A2A230E297276570063740B;
			productRefGroup = 4A2A2318297276570063740B /* Products */;
			projectDirPath = "";
			projectRoot = "";
			targets = (
				4A2A2316297276570063740B /* alarming_ios */,
				4A2A2326297276580063740B /* alarming_iosTests */,
				4A2A2330297276580063740B /* alarming_iosUITests */,
			);
		};
/* End PBXProject section */

/* Begin PBXResourcesBuildPhase section */
		4A2A2315297276570063740B /* Resources */ = {
			isa = PBXResourcesBuildPhase;
			buildActionMask = 2147483647;
			files = (
				4A2A2322297276580063740B /* Preview Assets.xcassets in Resources */,
				4A2A231F297276580063740B /* Assets.xcassets in Resources */,
			);
			runOnlyForDeploymentPostprocessing = 0;
		};
		4A2A2325297276580063740B /* Resources */ = {
			isa = PBXResourcesBuildPhase;
			buildActionMask = 2147483647;
			files = (
			);
			runOnlyForDeploymentPostprocessing = 0;
		};
		4A2A232F297276580063740B /* Resources */ = {
			isa = PBXResourcesBuildPhase;
			buildActionMask = 2147483647;
			files = (
			);
			runOnlyForDeploymentPostprocessing = 0;
		};
/* End PBXResourcesBuildPhase section */

/* Begin PBXSourcesBuildPhase section */
		4A2A2313297276570063740B /* Sources */ = {
			isa = PBXSourcesBuildPhase;
			buildActionMask = 2147483647;
			files = (
				4A2A231D297276570063740B /* ContentView.swift in Sources */,
				4A2A231B297276570063740B /* alarming_iosApp.swift in Sources */,
			);
			runOnlyForDeploymentPostprocessing = 0;
		};
		4A2A2323297276580063740B /* Sources */ = {
			isa = PBXSourcesBuildPhase;
			buildActionMask = 2147483647;
			files = (
				4A2A232C297276580063740B /* alarming_iosTests.swift in Sources */,
			);
			runOnlyForDeploymentPostprocessing = 0;
		};
		4A2A232D297276580063740B /* Sources */ = {
			isa = PBXSourcesBuildPhase;
			buildActionMask = 2147483647;
			files = (
				4A2A2336297276580063740B /* alarming_iosUITests.swift in Sources */,
				4A2A2338297276580063740B /* alarming_iosUITestsLaunchTests.swift in Sources */,
			);
			runOnlyForDeploymentPostprocessing = 0;
		};
/* End PBXSourcesBuildPhase section */

/* Begin PBXTargetDependency section */
		4A2A2329297276580063740B /* PBXTargetDependency */ = {
			isa = PBXTargetDependency;
			target = 4A2A2316297276570063740B /* alarming_ios */;
			targetProxy = 4A2A2328297276580063740B /* PBXContainerItemProxy */;
		};
		4A2A2333297276580063740B /* PBXTargetDependency */ = {
			isa = PBXTargetDependency;
			target = 4A2A2316297276570063740B /* alarming_ios */;
			targetProxy = 4A2A2332297276580063740B /* PBXContainerItemProxy */;
		};
/* End PBXTargetDependency section */

/* Begin XCBuildConfiguration section */
		4A2A2339297276580063740B /* Debug */ = {
			isa = XCBuildConfiguration;
			buildSettings = {
				ALWAYS_SEARCH_USER_PATHS = NO;
				CLANG_ANALYZER_NONNULL = YES;
				CLANG_ANALYZER_NUMBER_OBJECT_CONVERSION = YES_AGGRESSIVE;
				CLANG_CXX_LANGUAGE_STANDARD = "gnu++20";
				CLANG_ENABLE_MODULES = YES;
				CLANG_ENABLE_OBJC_ARC = YES;
				CLANG_ENABLE_OBJC_WEAK = YES;
				CLANG_WARN_BLOCK_CAPTURE_AUTORELEASING = YES;
				CLANG_WARN_BOOL_CONVERSION = YES;
				CLANG_WARN_COMMA = YES;
				CLANG_WARN_CONSTANT_CONVERSION = YES;
				CLANG_WARN_DEPRECATED_OBJC_IMPLEMENTATIONS = YES;
				CLANG_WARN_DIRECT_OBJC_ISA_USAGE = YES_ERROR;
				CLANG_WARN_DOCUMENTATION_COMMENTS = YES;
				CLANG_WARN_EMPTY_BODY = YES;
				CLANG_WARN_ENUM_CONVERSION = YES;
				CLANG_WARN_INFINITE_RECURSION = YES;
				CLANG_WARN_INT_CONVERSION = YES;
				CLANG_WARN_NON_LITERAL_NULL_CONVERSION = YES;
				CLANG_WARN_OBJC_IMPLICIT_RETAIN_SELF = YES;
				CLANG_WARN_OBJC_LITERAL_CONVERSION = YES;
				CLANG_WARN_OBJC_ROOT_CLASS = YES_ERROR;
				CLANG_WARN_QUOTED_INCLUDE_IN_FRAMEWORK_HEADER = YES;
				CLANG_WARN_RANGE_LOOP_ANALYSIS = YES;
				CLANG_WARN_STRICT_PROTOTYPES = YES;
				CLANG_WARN_SUSPICIOUS_MOVE = YES;
				CLANG_WARN_UNGUARDED_AVAILABILITY = YES_AGGRESSIVE;
				CLANG_WARN_UNREACHABLE_CODE = YES;
				CLANG_WARN__DUPLICATE_METHOD_MATCH = YES;
				COPY_PHASE_STRIP = NO;
				DEBUG_INFORMATION_FORMAT = dwarf;
				ENABLE_STRICT_OBJC_MSGSEND = YES;
				ENABLE_TESTABILITY = YES;
				GCC_C_LANGUAGE_STANDARD = gnu11;
				GCC_DYNAMIC_NO_PIC = NO;
				GCC_NO_COMMON_BLOCKS = YES;
				GCC_OPTIMIZATION_LEVEL = 0;
				GCC_PREPROCESSOR_DEFINITIONS = (
					"DEBUG=1",
					"$(inherited)",
				);
				GCC_WARN_64_TO_32_BIT_CONVERSION = YES;
				GCC_WARN_ABOUT_RETURN_TYPE = YES_ERROR;
				GCC_WARN_UNDECLARED_SELECTOR = YES;
				GCC_WARN_UNINITIALIZED_AUTOS = YES_AGGRESSIVE;
				GCC_WARN_UNUSED_FUNCTION = YES;
				GCC_WARN_UNUSED_VARIABLE = YES;
				IPHONEOS_DEPLOYMENT_TARGET = 16.2;
				MTL_ENABLE_DEBUG_INFO = INCLUDE_SOURCE;
				MTL_FAST_MATH = YES;
				ONLY_ACTIVE_ARCH = YES;
				SDKROOT = iphoneos;
				SWIFT_ACTIVE_COMPILATION_CONDITIONS = DEBUG;
				SWIFT_OPTIMIZATION_LEVEL = "-Onone";
			};
			name = Debug;
		};
		4A2A233A297276580063740B /* Release */ = {
			isa = XCBuildConfiguration;
			buildSettings = {
				ALWAYS_SEARCH_USER_PATHS = NO;
				CLANG_ANALYZER_NONNULL = YES;
				CLANG_ANALYZER_NUMBER_OBJECT_CONVERSION = YES_AGGRESSIVE;
				CLANG_CXX_LANGUAGE_STANDARD = "gnu++20";
				CLANG_ENABLE_MODULES = YES;
				CLANG_ENABLE_OBJC_ARC = YES;
				CLANG_ENABLE_OBJC_WEAK = YES;
				CLANG_WARN_BLOCK_CAPTURE_AUTORELEASING = YES;
				CLANG_WARN_BOOL_CONVERSION = YES;
				CLANG_WARN_COMMA = YES;
				CLANG_WARN_CONSTANT_CONVERSION = YES;
				CLANG_WARN_DEPRECATED_OBJC_IMPLEMENTATIONS = YES;
				CLANG_WARN_DIRECT_OBJC_ISA_USAGE = YES_ERROR;
				CLANG_WARN_DOCUMENTATION_COMMENTS = YES;
				CLANG_WARN_EMPTY_BODY = YES;
				CLANG_WARN_ENUM_CONVERSION = YES;
				CLANG_WARN_INFINITE_RECURSION = YES;
				CLANG_WARN_INT_CONVERSION = YES;
				CLANG_WARN_NON_LITERAL_NULL_CONVERSION = YES;
				CLANG_WARN_OBJC_IMPLICIT_RETAIN_SELF = YES;
				CLANG_WARN_OBJC_LITERAL_CONVERSION = YES;
				CLANG_WARN_OBJC_ROOT_CLASS = YES_ERROR;
				CLANG_WARN_QUOTED_INCLUDE_IN_FRAMEWORK_HEADER = YES;
				CLANG_WARN_RANGE_LOOP_ANALYSIS = YES;
				CLANG_WARN_STRICT_PROTOTYPES = YES;
				CLANG_WARN_SUSPICIOUS_MOVE = YES;
				CLANG_WARN_UNGUARDED_AVAILABILITY = YES_AGGRESSIVE;
				CLANG_WARN_UNREACHABLE_CODE = YES;
				CLANG_WARN__DUPLICATE_METHOD_MATCH = YES;
				COPY_PHASE_STRIP = NO;
				DEBUG_INFORMATION_FORMAT = "dwarf-with-dsym";
				ENABLE_NS_ASSERTIONS = NO;
				ENABLE_STRICT_OBJC_MSGSEND = YES;
				GCC_C_LANGUAGE_STANDARD = gnu11;
				GCC_NO_COMMON_BLOCKS = YES;
				GCC_WARN_64_TO_32_BIT_CONVERSION = YES;
				GCC_WARN_ABOUT_RETURN_TYPE = YES_ERROR;
				GCC_WARN_UNDECLARED_SELECTOR = YES;
				GCC_WARN_UNINITIALIZED_AUTOS = YES_AGGRESSIVE;
				GCC_WARN_UNUSED_FUNCTION = YES;
				GCC_WARN_UNUSED_VARIABLE = YES;
				IPHONEOS_DEPLOYMENT_TARGET = 16.2;
				MTL_ENABLE_DEBUG_INFO = NO;
				MTL_FAST_MATH = YES;
				SDKROOT = iphoneos;
				SWIFT_COMPILATION_MODE = wholemodule;
				SWIFT_OPTIMIZATION_LEVEL = "-O";
				VALIDATE_PRODUCT = YES;
			};
			name = Release;
		};
		4A2A233C297276580063740B /* Debug */ = {
			isa = XCBuildConfiguration;
			buildSettings = {
				ASSETCATALOG_COMPILER_APPICON_NAME = AppIcon;
				ASSETCATALOG_COMPILER_GLOBAL_ACCENT_COLOR_NAME = AccentColor;
				CODE_SIGN_STYLE = Automatic;
				CURRENT_PROJECT_VERSION = 1;
				DEVELOPMENT_ASSET_PATHS = "\"alarming_ios/Preview Content\"";
				DEVELOPMENT_TEAM = Q3B264JM84;
				ENABLE_PREVIEWS = YES;
				GENERATE_INFOPLIST_FILE = YES;
				INFOPLIST_KEY_UIApplicationSceneManifest_Generation = YES;
				INFOPLIST_KEY_UIApplicationSupportsIndirectInputEvents = YES;
				INFOPLIST_KEY_UILaunchScreen_Generation = YES;
				INFOPLIST_KEY_UISupportedInterfaceOrientations_iPad = "UIInterfaceOrientationPortrait UIInterfaceOrientationPortraitUpsideDown UIInterfaceOrientationLandscapeLeft UIInterfaceOrientationLandscapeRight";
				INFOPLIST_KEY_UISupportedInterfaceOrientations_iPhone = "UIInterfaceOrientationPortrait UIInterfaceOrientationLandscapeLeft UIInterfaceOrientationLandscapeRight";
				LD_RUNPATH_SEARCH_PATHS = (
					"$(inherited)",
					"@executable_path/Frameworks",
				);
				MARKETING_VERSION = 1.0;
				PRODUCT_BUNDLE_IDENTIFIER = "hacknroll.alarming-ios";
				PRODUCT_NAME = "$(TARGET_NAME)";
				SWIFT_EMIT_LOC_STRINGS = YES;
				SWIFT_VERSION = 5.0;
				TARGETED_DEVICE_FAMILY = "1,2";
			};
			name = Debug;
		};
		4A2A233D297276580063740B /* Release */ = {
			isa = XCBuildConfiguration;
			buildSettings = {
				ASSETCATALOG_COMPILER_APPICON_NAME = AppIcon;
				ASSETCATALOG_COMPILER_GLOBAL_ACCENT_COLOR_NAME = AccentColor;
				CODE_SIGN_STYLE = Automatic;
				CURRENT_PROJECT_VERSION = 1;
				DEVELOPMENT_ASSET_PATHS = "\"alarming_ios/Preview Content\"";
				DEVELOPMENT_TEAM = Q3B264JM84;
				ENABLE_PREVIEWS = YES;
				GENERATE_INFOPLIST_FILE = YES;
				INFOPLIST_KEY_UIApplicationSceneManifest_Generation = YES;
				INFOPLIST_KEY_UIApplicationSupportsIndirectInputEvents = YES;
				INFOPLIST_KEY_UILaunchScreen_Generation = YES;
				INFOPLIST_KEY_UISupportedInterfaceOrientations_iPad = "UIInterfaceOrientationPortrait UIInterfaceOrientationPortraitUpsideDown UIInterfaceOrientationLandscapeLeft UIInterfaceOrientationLandscapeRight";
				INFOPLIST_KEY_UISupportedInterfaceOrientations_iPhone = "UIInterfaceOrientationPortrait UIInterfaceOrientationLandscapeLeft UIInterfaceOrientationLandscapeRight";
				LD_RUNPATH_SEARCH_PATHS = (
					"$(inherited)",
					"@executable_path/Frameworks",
				);
				MARKETING_VERSION = 1.0;
				PRODUCT_BUNDLE_IDENTIFIER = "hacknroll.alarming-ios";
				PRODUCT_NAME = "$(TARGET_NAME)";
				SWIFT_EMIT_LOC_STRINGS = YES;
				SWIFT_VERSION = 5.0;
				TARGETED_DEVICE_FAMILY = "1,2";
			};
			name = Release;
		};
		4A2A233F297276580063740B /* Debug */ = {
			isa = XCBuildConfiguration;
			buildSettings = {
				ALWAYS_EMBED_SWIFT_STANDARD_LIBRARIES = YES;
				BUNDLE_LOADER = "$(TEST_HOST)";
				CODE_SIGN_STYLE = Automatic;
				CURRENT_PROJECT_VERSION = 1;
				DEVELOPMENT_TEAM = Q3B264JM84;
				GENERATE_INFOPLIST_FILE = YES;
				IPHONEOS_DEPLOYMENT_TARGET = 16.2;
				MARKETING_VERSION = 1.0;
				PRODUCT_BUNDLE_IDENTIFIER = "hacknroll.alarming-iosTests";
				PRODUCT_NAME = "$(TARGET_NAME)";
				SWIFT_EMIT_LOC_STRINGS = NO;
				SWIFT_VERSION = 5.0;
				TARGETED_DEVICE_FAMILY = "1,2";
				TEST_HOST = "$(BUILT_PRODUCTS_DIR)/alarming_ios.app/$(BUNDLE_EXECUTABLE_FOLDER_PATH)/alarming_ios";
			};
			name = Debug;
		};
		4A2A2340297276580063740B /* Release */ = {
			isa = XCBuildConfiguration;
			buildSettings = {
				ALWAYS_EMBED_SWIFT_STANDARD_LIBRARIES = YES;
				BUNDLE_LOADER = "$(TEST_HOST)";
				CODE_SIGN_STYLE = Automatic;
				CURRENT_PROJECT_VERSION = 1;
				DEVELOPMENT_TEAM = Q3B264JM84;
				GENERATE_INFOPLIST_FILE = YES;
				IPHONEOS_DEPLOYMENT_TARGET = 16.2;
				MARKETING_VERSION = 1.0;
				PRODUCT_BUNDLE_IDENTIFIER = "hacknroll.alarming-iosTests";
				PRODUCT_NAME = "$(TARGET_NAME)";
				SWIFT_EMIT_LOC_STRINGS = NO;
				SWIFT_VERSION = 5.0;
				TARGETED_DEVICE_FAMILY = "1,2";
				TEST_HOST = "$(BUILT_PRODUCTS_DIR)/alarming_ios.app/$(BUNDLE_EXECUTABLE_FOLDER_PATH)/alarming_ios";
			};
			name = Release;
		};
		4A2A2342297276580063740B /* Debug */ = {
			isa = XCBuildConfiguration;
			buildSettings = {
				ALWAYS_EMBED_SWIFT_STANDARD_LIBRARIES = YES;
				CODE_SIGN_STYLE = Automatic;
				CURRENT_PROJECT_VERSION = 1;
				DEVELOPMENT_TEAM = Q3B264JM84;
				GENERATE_INFOPLIST_FILE = YES;
				MARKETING_VERSION = 1.0;
				PRODUCT_BUNDLE_IDENTIFIER = "hacknroll.alarming-iosUITests";
				PRODUCT_NAME = "$(TARGET_NAME)";
				SWIFT_EMIT_LOC_STRINGS = NO;
				SWIFT_VERSION = 5.0;
				TARGETED_DEVICE_FAMILY = "1,2";
				TEST_TARGET_NAME = alarming_ios;
			};
			name = Debug;
		};
		4A2A2343297276580063740B /* Release */ = {
			isa = XCBuildConfiguration;
			buildSettings = {
				ALWAYS_EMBED_SWIFT_STANDARD_LIBRARIES = YES;
				CODE_SIGN_STYLE = Automatic;
				CURRENT_PROJECT_VERSION = 1;
				DEVELOPMENT_TEAM = Q3B264JM84;
				GENERATE_INFOPLIST_FILE = YES;
				MARKETING_VERSION = 1.0;
				PRODUCT_BUNDLE_IDENTIFIER = "hacknroll.alarming-iosUITests";
				PRODUCT_NAME = "$(TARGET_NAME)";
				SWIFT_EMIT_LOC_STRINGS = NO;
				SWIFT_VERSION = 5.0;
				TARGETED_DEVICE_FAMILY = "1,2";
				TEST_TARGET_NAME = alarming_ios;
			};
			name = Release;
		};
/* End XCBuildConfiguration section */

/* Begin XCConfigurationList section */
		4A2A2312297276570063740B /* Build configuration list for PBXProject "alarming_ios" */ = {
			isa = XCConfigurationList;
			buildConfigurations = (
				4A2A2339297276580063740B /* Debug */,
				4A2A233A297276580063740B /* Release */,
			);
			defaultConfigurationIsVisible = 0;
			defaultConfigurationName = Release;
		};
		4A2A233B297276580063740B /* Build configuration list for PBXNativeTarget "alarming_ios" */ = {
			isa = XCConfigurationList;
			buildConfigurations = (
				4A2A233C297276580063740B /* Debug */,
				4A2A233D297276580063740B /* Release */,
			);
			defaultConfigurationIsVisible = 0;
			defaultConfigurationName = Release;
		};
		4A2A233E297276580063740B /* Build configuration list for PBXNativeTarget "alarming_iosTests" */ = {
			isa = XCConfigurationList;
			buildConfigurations = (
				4A2A233F297276580063740B /* Debug */,
				4A2A2340297276580063740B /* Release */,
			);
			defaultConfigurationIsVisible = 0;
			defaultConfigurationName = Release;
		};
		4A2A2341297276580063740B /* Build configuration list for PBXNativeTarget "alarming_iosUITests" */ = {
			isa = XCConfigurationList;
			buildConfigurations = (
				4A2A2342297276580063740B /* Debug */,
				4A2A2343297276580063740B /* Release */,
			);
			defaultConfigurationIsVisible = 0;
			defaultConfigurationName = Release;
		};
/* End XCConfigurationList section */
	};
	rootObject = 4A2A230F297276570063740B /* Project object */;
}
